
Microsoft Visual Studio Solution File, Format Version 12.00
# Visual Studio Version 16
VisualStudioVersion = 16.0.30114.105
MinimumVisualStudioVersion = 10.0.40219.1
Project("{FAE04EC0-301F-11D3-BF4B-00C04F79EFBC}") = "API", "API\API.csproj", "{9B4F5DC4-05B9-4BE3-A9FE-6C0F8CEC07B1}"
EndProject
Project("{FAE04EC0-301F-11D3-BF4B-00C04F79EFBC}") = "Application", "Application\Application.csproj", "{B7244AEF-8C1D-4E1A-956A-36348122AF62}"
EndProject
Project("{FAE04EC0-301F-11D3-BF4B-00C04F79EFBC}") = "Domain", "Domain\Domain.csproj", "{252154B8-46D6-478A-9694-66D3971F6B1F}"
EndProject
Project("{FAE04EC0-301F-11D3-BF4B-00C04F79EFBC}") = "Persistence", "Persistence\Persistence.csproj", "{BFC75F5B-1572-43F8-A3BC-282E658002A9}"
EndProject
Global
	GlobalSection(SolutionConfigurationPlatforms) = preSolution
		Debug|Any CPU = Debug|Any CPU
		Release|Any CPU = Release|Any CPU
	EndGlobalSection
	GlobalSection(SolutionProperties) = preSolution
		HideSolutionNode = FALSE
	EndGlobalSection
	GlobalSection(ProjectConfigurationPlatforms) = postSolution
		{9B4F5DC4-05B9-4BE3-A9FE-6C0F8CEC07B1}.Debug|Any CPU.ActiveCfg = Debug|Any CPU
		{9B4F5DC4-05B9-4BE3-A9FE-6C0F8CEC07B1}.Debug|Any CPU.Build.0 = Debug|Any CPU
		{9B4F5DC4-05B9-4BE3-A9FE-6C0F8CEC07B1}.Release|Any CPU.ActiveCfg = Release|Any CPU
		{9B4F5DC4-05B9-4BE3-A9FE-6C0F8CEC07B1}.Release|Any CPU.Build.0 = Release|Any CPU
		{B7244AEF-8C1D-4E1A-956A-36348122AF62}.Debug|Any CPU.ActiveCfg = Debug|Any CPU
		{B7244AEF-8C1D-4E1A-956A-36348122AF62}.Debug|Any CPU.Build.0 = Debug|Any CPU
		{B7244AEF-8C1D-4E1A-956A-36348122AF62}.Release|Any CPU.ActiveCfg = Release|Any CPU
		{B7244AEF-8C1D-4E1A-956A-36348122AF62}.Release|Any CPU.Build.0 = Release|Any CPU
		{252154B8-46D6-478A-9694-66D3971F6B1F}.Debug|Any CPU.ActiveCfg = Debug|Any CPU
		{252154B8-46D6-478A-9694-66D3971F6B1F}.Debug|Any CPU.Build.0 = Debug|Any CPU
		{252154B8-46D6-478A-9694-66D3971F6B1F}.Release|Any CPU.ActiveCfg = Release|Any CPU
		{252154B8-46D6-478A-9694-66D3971F6B1F}.Release|Any CPU.Build.0 = Release|Any CPU
		{BFC75F5B-1572-43F8-A3BC-282E658002A9}.Debug|Any CPU.ActiveCfg = Debug|Any CPU
		{BFC75F5B-1572-43F8-A3BC-282E658002A9}.Debug|Any CPU.Build.0 = Debug|Any CPU
		{BFC75F5B-1572-43F8-A3BC-282E658002A9}.Release|Any CPU.ActiveCfg = Release|Any CPU
		{BFC75F5B-1572-43F8-A3BC-282E658002A9}.Release|Any CPU.Build.0 = Release|Any CPU
	EndGlobalSection
EndGlobal
